// !$*UTF8*$!
{
	archiveVersion = 1;
	classes = {
	};
	objectVersion = 46;
	objects = {

/* Begin PBXBuildFile section */
		155C78B31DAFF6C60072B78F /* main.m in Sources */ = {isa = PBXBuildFile; fileRef = 155C78B21DAFF6C60072B78F /* main.m */; };
		155C78B61DAFF6C60072B78F /* AppDelegate.m in Sources */ = {isa = PBXBuildFile; fileRef = 155C78B51DAFF6C60072B78F /* AppDelegate.m */; };
		155C78B91DAFF6C60072B78F /* Assets.xcassets in Resources */ = {isa = PBXBuildFile; fileRef = 155C78B81DAFF6C60072B78F /* Assets.xcassets */; };
		155C78C21DAFFA820072B78F /* Ads.m in Sources */ = {isa = PBXBuildFile; fileRef = 155C78C11DAFFA820072B78F /* Ads.m */; };
		15AD2ED51DB92E0100BF8F82 /* IMATVMLPlayerVideoDisplay.m in Sources */ = {isa = PBXBuildFile; fileRef = 15AD2ED41DB92E0100BF8F82 /* IMATVMLPlayerVideoDisplay.m */; };
		15AD2EDC1DB93F8600BF8F82 /* TVMLUtil.m in Sources */ = {isa = PBXBuildFile; fileRef = 15AD2EDB1DB93F8600BF8F82 /* TVMLUtil.m */; };
		15AD2EE01DB94ADA00BF8F82 /* IMATVMLPlayerWrapper.js in Resources */ = {isa = PBXBuildFile; fileRef = 15AD2EDF1DB94ADA00BF8F82 /* IMATVMLPlayerWrapper.js */; };
		15D569031DBAA07400C14210 /* IMATVMLCuepoint.m in Sources */ = {isa = PBXBuildFile; fileRef = 15D569021DBAA07400C14210 /* IMATVMLCuepoint.m */; };
/* End PBXBuildFile section */

/* Begin PBXCopyFilesBuildPhase section */
		15AD2ED91DB9311A00BF8F82 /* Embed Frameworks */ = {
			isa = PBXCopyFilesBuildPhase;
			buildActionMask = 2147483647;
			dstPath = "";
			dstSubfolderSpec = 10;
			files = (
			);
			name = "Embed Frameworks";
			runOnlyForDeploymentPostprocessing = 0;
		};
/* End PBXCopyFilesBuildPhase section */

/* Begin PBXFileReference section */
		155C78AE1DAFF6C60072B78F /* TVMLExample.app */ = {isa = PBXFileReference; explicitFileType = wrapper.application; includeInIndex = 0; path = TVMLExample.app; sourceTree = BUILT_PRODUCTS_DIR; };
		155C78B21DAFF6C60072B78F /* main.m */ = {isa = PBXFileReference; lastKnownFileType = sourcecode.c.objc; path = main.m; sourceTree = "<group>"; };
		155C78B41DAFF6C60072B78F /* AppDelegate.h */ = {isa = PBXFileReference; lastKnownFileType = sourcecode.c.h; path = AppDelegate.h; sourceTree = "<group>"; };
		155C78B51DAFF6C60072B78F /* AppDelegate.m */ = {isa = PBXFileReference; lastKnownFileType = sourcecode.c.objc; path = AppDelegate.m; sourceTree = "<group>"; };
		155C78B71DAFF6C60072B78F /* application.js */ = {isa = PBXFileReference; lastKnownFileType = sourcecode.javascript; path = application.js; sourceTree = "<group>"; };
		155C78B81DAFF6C60072B78F /* Assets.xcassets */ = {isa = PBXFileReference; lastKnownFileType = folder.assetcatalog; path = Assets.xcassets; sourceTree = "<group>"; };
		155C78BA1DAFF6C60072B78F /* Info.plist */ = {isa = PBXFileReference; lastKnownFileType = text.plist.xml; path = Info.plist; sourceTree = "<group>"; };
		155C78C01DAFF9E40072B78F /* Ads.h */ = {isa = PBXFileReference; lastKnownFileType = sourcecode.c.h; path = Ads.h; sourceTree = "<group>"; };
		155C78C11DAFFA820072B78F /* Ads.m */ = {isa = PBXFileReference; fileEncoding = 4; lastKnownFileType = sourcecode.c.objc; path = Ads.m; sourceTree = "<group>"; };
		15AD2ED31DB92D8300BF8F82 /* IMATVMLPlayerVideoDisplay.h */ = {isa = PBXFileReference; lastKnownFileType = sourcecode.c.h; path = IMATVMLPlayerVideoDisplay.h; sourceTree = "<group>"; };
		15AD2ED41DB92E0100BF8F82 /* IMATVMLPlayerVideoDisplay.m */ = {isa = PBXFileReference; fileEncoding = 4; lastKnownFileType = sourcecode.c.objc; path = IMATVMLPlayerVideoDisplay.m; sourceTree = "<group>"; };
		15AD2EDA1DB93F7A00BF8F82 /* TVMLUtil.h */ = {isa = PBXFileReference; lastKnownFileType = sourcecode.c.h; path = TVMLUtil.h; sourceTree = "<group>"; };
		15AD2EDB1DB93F8600BF8F82 /* TVMLUtil.m */ = {isa = PBXFileReference; fileEncoding = 4; lastKnownFileType = sourcecode.c.objc; path = TVMLUtil.m; sourceTree = "<group>"; };
		15AD2EDF1DB94ADA00BF8F82 /* IMATVMLPlayerWrapper.js */ = {isa = PBXFileReference; fileEncoding = 4; lastKnownFileType = sourcecode.javascript; path = IMATVMLPlayerWrapper.js; sourceTree = "<group>"; };
		15D569011DBAA06900C14210 /* IMATVMLCuepoint.h */ = {isa = PBXFileReference; lastKnownFileType = sourcecode.c.h; path = IMATVMLCuepoint.h; sourceTree = "<group>"; };
		15D569021DBAA07400C14210 /* IMATVMLCuepoint.m */ = {isa = PBXFileReference; fileEncoding = 4; lastKnownFileType = sourcecode.c.objc; path = IMATVMLCuepoint.m; sourceTree = "<group>"; };
/* End PBXFileReference section */

/* Begin PBXFrameworksBuildPhase section */
		155C78AB1DAFF6C60072B78F /* Frameworks */ = {
			isa = PBXFrameworksBuildPhase;
			buildActionMask = 2147483647;
			files = (
			);
			runOnlyForDeploymentPostprocessing = 0;
		};
/* End PBXFrameworksBuildPhase section */

/* Begin PBXGroup section */
		155C78A51DAFF6C60072B78F = {
			isa = PBXGroup;
			children = (
				155C78B01DAFF6C60072B78F /* TVMLExample */,
				155C78AF1DAFF6C60072B78F /* Products */,
			);
			sourceTree = "<group>";
		};
		155C78AF1DAFF6C60072B78F /* Products */ = {
			isa = PBXGroup;
			children = (
				155C78AE1DAFF6C60072B78F /* TVMLExample.app */,
			);
			name = Products;
			sourceTree = "<group>";
		};
		155C78B01DAFF6C60072B78F /* TVMLExample */ = {
			isa = PBXGroup;
			children = (
				155C78B41DAFF6C60072B78F /* AppDelegate.h */,
				155C78B51DAFF6C60072B78F /* AppDelegate.m */,
				15AD2ED31DB92D8300BF8F82 /* IMATVMLPlayerVideoDisplay.h */,
				15AD2ED41DB92E0100BF8F82 /* IMATVMLPlayerVideoDisplay.m */,
				15D569011DBAA06900C14210 /* IMATVMLCuepoint.h */,
				15D569021DBAA07400C14210 /* IMATVMLCuepoint.m */,
				155C78C01DAFF9E40072B78F /* Ads.h */,
				155C78C11DAFFA820072B78F /* Ads.m */,
				15AD2EDA1DB93F7A00BF8F82 /* TVMLUtil.h */,
				15AD2EDB1DB93F8600BF8F82 /* TVMLUtil.m */,
				155C78B81DAFF6C60072B78F /* Assets.xcassets */,
				155C78BA1DAFF6C60072B78F /* Info.plist */,
				155C78B11DAFF6C60072B78F /* Supporting Files */,
			);
			path = TVMLExample;
			sourceTree = "<group>";
		};
		155C78B11DAFF6C60072B78F /* Supporting Files */ = {
			isa = PBXGroup;
			children = (
				155C78B21DAFF6C60072B78F /* main.m */,
				155C78B71DAFF6C60072B78F /* application.js */,
				15AD2EDF1DB94ADA00BF8F82 /* IMATVMLPlayerWrapper.js */,
			);
			name = "Supporting Files";
			sourceTree = "<group>";
		};
/* End PBXGroup section */

/* Begin PBXNativeTarget section */
		155C78AD1DAFF6C60072B78F /* TVMLExample */ = {
			isa = PBXNativeTarget;
			buildConfigurationList = 155C78BD1DAFF6C60072B78F /* Build configuration list for PBXNativeTarget "TVMLExample" */;
			buildPhases = (
				155C78AA1DAFF6C60072B78F /* Sources */,
				155C78AB1DAFF6C60072B78F /* Frameworks */,
				155C78AC1DAFF6C60072B78F /* Resources */,
				15AD2ED91DB9311A00BF8F82 /* Embed Frameworks */,
			);
			buildRules = (
			);
			dependencies = (
			);
			name = TVMLExample;
			productName = TVMLExample;
			productReference = 155C78AE1DAFF6C60072B78F /* TVMLExample.app */;
			productType = "com.apple.product-type.application";
		};
/* End PBXNativeTarget section */

/* Begin PBXProject section */
		155C78A61DAFF6C60072B78F /* Project object */ = {
			isa = PBXProject;
			attributes = {
				LastUpgradeCheck = 0800;
				ORGANIZATIONNAME = "Shawn Busolits";
				TargetAttributes = {
					155C78AD1DAFF6C60072B78F = {
						CreatedOnToolsVersion = 8.0;
						DevelopmentTeam = EQHXZ8M8AV;
						ProvisioningStyle = Automatic;
					};
				};
			};
			buildConfigurationList = 155C78A91DAFF6C60072B78F /* Build configuration list for PBXProject "TVMLExample" */;
			compatibilityVersion = "Xcode 3.2";
			developmentRegion = English;
			hasScannedForEncodings = 0;
			knownRegions = (
				en,
			);
			mainGroup = 155C78A51DAFF6C60072B78F;
			productRefGroup = 155C78AF1DAFF6C60072B78F /* Products */;
			projectDirPath = "";
			projectRoot = "";
			targets = (
				155C78AD1DAFF6C60072B78F /* TVMLExample */,
			);
		};
/* End PBXProject section */

/* Begin PBXResourcesBuildPhase section */
		155C78AC1DAFF6C60072B78F /* Resources */ = {
			isa = PBXResourcesBuildPhase;
			buildActionMask = 2147483647;
			files = (
				15AD2EE01DB94ADA00BF8F82 /* IMATVMLPlayerWrapper.js in Resources */,
				155C78B91DAFF6C60072B78F /* Assets.xcassets in Resources */,
			);
			runOnlyForDeploymentPostprocessing = 0;
		};
/* End PBXResourcesBuildPhase section */

/* Begin PBXSourcesBuildPhase section */
		155C78AA1DAFF6C60072B78F /* Sources */ = {
			isa = PBXSourcesBuildPhase;
			buildActionMask = 2147483647;
			files = (
				15AD2EDC1DB93F8600BF8F82 /* TVMLUtil.m in Sources */,
				155C78B61DAFF6C60072B78F /* AppDelegate.m in Sources */,
				155C78C21DAFFA820072B78F /* Ads.m in Sources */,
				15D569031DBAA07400C14210 /* IMATVMLCuepoint.m in Sources */,
				155C78B31DAFF6C60072B78F /* main.m in Sources */,
				15AD2ED51DB92E0100BF8F82 /* IMATVMLPlayerVideoDisplay.m in Sources */,
			);
			runOnlyForDeploymentPostprocessing = 0;
		};
/* End PBXSourcesBuildPhase section */

/* Begin XCBuildConfiguration section */
		155C78BB1DAFF6C60072B78F /* Debug */ = {
			isa = XCBuildConfiguration;
			buildSettings = {
				ALWAYS_SEARCH_USER_PATHS = NO;
				CLANG_ANALYZER_NONNULL = YES;
				CLANG_CXX_LANGUAGE_STANDARD = "gnu++0x";
				CLANG_CXX_LIBRARY = "libc++";
				CLANG_ENABLE_MODULES = YES;
				CLANG_ENABLE_OBJC_ARC = YES;
				CLANG_WARN_BOOL_CONVERSION = YES;
				CLANG_WARN_CONSTANT_CONVERSION = YES;
				CLANG_WARN_DIRECT_OBJC_ISA_USAGE = YES_ERROR;
				CLANG_WARN_DOCUMENTATION_COMMENTS = YES;
				CLANG_WARN_EMPTY_BODY = YES;
				CLANG_WARN_ENUM_CONVERSION = YES;
				CLANG_WARN_INFINITE_RECURSION = YES;
				CLANG_WARN_INT_CONVERSION = YES;
				CLANG_WARN_OBJC_ROOT_CLASS = YES_ERROR;
				CLANG_WARN_SUSPICIOUS_MOVES = YES;
				CLANG_WARN_UNREACHABLE_CODE = YES;
				CLANG_WARN__DUPLICATE_METHOD_MATCH = YES;
				COPY_PHASE_STRIP = NO;
				DEBUG_INFORMATION_FORMAT = dwarf;
				ENABLE_STRICT_OBJC_MSGSEND = YES;
				ENABLE_TESTABILITY = YES;
				GCC_C_LANGUAGE_STANDARD = gnu99;
				GCC_DYNAMIC_NO_PIC = NO;
				GCC_NO_COMMON_BLOCKS = YES;
				GCC_OPTIMIZATION_LEVEL = 0;
				GCC_PREPROCESSOR_DEFINITIONS = (
					"DEBUG=1",
					"$(inherited)",
				);
				GCC_WARN_64_TO_32_BIT_CONVERSION = YES;
				GCC_WARN_ABOUT_RETURN_TYPE = YES_ERROR;
				GCC_WARN_UNDECLARED_SELECTOR = YES;
				GCC_WARN_UNINITIALIZED_AUTOS = YES_AGGRESSIVE;
				GCC_WARN_UNUSED_FUNCTION = YES;
				GCC_WARN_UNUSED_VARIABLE = YES;
				MTL_ENABLE_DEBUG_INFO = YES;
				ONLY_ACTIVE_ARCH = YES;
				SDKROOT = appletvos;
				TARGETED_DEVICE_FAMILY = 3;
				TVOS_DEPLOYMENT_TARGET = 10.0;
			};
			name = Debug;
		};
		155C78BC1DAFF6C60072B78F /* Release */ = {
			isa = XCBuildConfiguration;
			buildSettings = {
				ALWAYS_SEARCH_USER_PATHS = NO;
				CLANG_ANALYZER_NONNULL = YES;
				CLANG_CXX_LANGUAGE_STANDARD = "gnu++0x";
				CLANG_CXX_LIBRARY = "libc++";
				CLANG_ENABLE_MODULES = YES;
				CLANG_ENABLE_OBJC_ARC = YES;
				CLANG_WARN_BOOL_CONVERSION = YES;
				CLANG_WARN_CONSTANT_CONVERSION = YES;
				CLANG_WARN_DIRECT_OBJC_ISA_USAGE = YES_ERROR;
				CLANG_WARN_DOCUMENTATION_COMMENTS = YES;
				CLANG_WARN_EMPTY_BODY = YES;
				CLANG_WARN_ENUM_CONVERSION = YES;
				CLANG_WARN_INFINITE_RECURSION = YES;
				CLANG_WARN_INT_CONVERSION = YES;
				CLANG_WARN_OBJC_ROOT_CLASS = YES_ERROR;
				CLANG_WARN_SUSPICIOUS_MOVES = YES;
				CLANG_WARN_UNREACHABLE_CODE = YES;
				CLANG_WARN__DUPLICATE_METHOD_MATCH = YES;
				COPY_PHASE_STRIP = NO;
				DEBUG_INFORMATION_FORMAT = "dwarf-with-dsym";
				ENABLE_NS_ASSERTIONS = NO;
				ENABLE_STRICT_OBJC_MSGSEND = YES;
				GCC_C_LANGUAGE_STANDARD = gnu99;
				GCC_NO_COMMON_BLOCKS = YES;
				GCC_WARN_64_TO_32_BIT_CONVERSION = YES;
				GCC_WARN_ABOUT_RETURN_TYPE = YES_ERROR;
				GCC_WARN_UNDECLARED_SELECTOR = YES;
				GCC_WARN_UNINITIALIZED_AUTOS = YES_AGGRESSIVE;
				GCC_WARN_UNUSED_FUNCTION = YES;
				GCC_WARN_UNUSED_VARIABLE = YES;
				MTL_ENABLE_DEBUG_INFO = NO;
				SDKROOT = appletvos;
				TARGETED_DEVICE_FAMILY = 3;
				TVOS_DEPLOYMENT_TARGET = 10.0;
				VALIDATE_PRODUCT = YES;
			};
			name = Release;
		};
		155C78BE1DAFF6C60072B78F /* Debug */ = {
			isa = XCBuildConfiguration;
			buildSettings = {
				ASSETCATALOG_COMPILER_APPICON_NAME = "AppIconAndTopShelfImage";
				ASSETCATALOG_COMPILER_LAUNCHIMAGE_NAME = LaunchImage;
				DEVELOPMENT_TEAM = EQHXZ8M8AV;
				FRAMEWORK_SEARCH_PATHS = "$(PROJECT_DIR)";
				INFOPLIST_FILE = TVMLExample/Info.plist;
				LD_RUNPATH_SEARCH_PATHS = "$(inherited) @executable_path/Frameworks";
				PRODUCT_BUNDLE_IDENTIFIER = "com.google.ima.TVML-ObjC-Test";
				PRODUCT_NAME = "$(TARGET_NAME)";
				TVOS_DEPLOYMENT_TARGET = 9.2;
			};
			name = Debug;
		};
		155C78BF1DAFF6C60072B78F /* Release */ = {
			isa = XCBuildConfiguration;
			buildSettings = {
				ASSETCATALOG_COMPILER_APPICON_NAME = "AppIconAndTopShelfImage";
				ASSETCATALOG_COMPILER_LAUNCHIMAGE_NAME = LaunchImage;
				DEVELOPMENT_TEAM = EQHXZ8M8AV;
				FRAMEWORK_SEARCH_PATHS = "$(PROJECT_DIR)";
				INFOPLIST_FILE = TVMLExample/Info.plist;
				LD_RUNPATH_SEARCH_PATHS = "$(inherited) @executable_path/Frameworks";
				PRODUCT_BUNDLE_IDENTIFIER = "com.google.ima.TVML-ObjC-Test";
				PRODUCT_NAME = "$(TARGET_NAME)";
				TVOS_DEPLOYMENT_TARGET = 9.2;
			};
			name = Release;
		};
/* End XCBuildConfiguration section */

/* Begin XCConfigurationList section */
		155C78A91DAFF6C60072B78F /* Build configuration list for PBXProject "TVMLExample" */ = {
			isa = XCConfigurationList;
			buildConfigurations = (
				155C78BB1DAFF6C60072B78F /* Debug */,
				155C78BC1DAFF6C60072B78F /* Release */,
			);
			defaultConfigurationIsVisible = 0;
			defaultConfigurationName = Release;
		};
		155C78BD1DAFF6C60072B78F /* Build configuration list for PBXNativeTarget "TVMLExample" */ = {
			isa = XCConfigurationList;
			buildConfigurations = (
				155C78BE1DAFF6C60072B78F /* Debug */,
				155C78BF1DAFF6C60072B78F /* Release */,
			);
			defaultConfigurationIsVisible = 0;
			defaultConfigurationName = Release;
		};
/* End XCConfigurationList section */
	};
	rootObject = 155C78A61DAFF6C60072B78F /* Project object */;
}
